{
  "name": "js",
  "lockfileVersion": 2,
  "requires": true,
  "packages": {
    "": {
      "dependencies": {
        "iroh": "^0.3.0"
      }
    },
    "node_modules/acorn": {
      "version": "5.7.4",
      "resolved": "https://registry.npmjs.org/acorn/-/acorn-5.7.4.tgz",
      "integrity": "sha512-1D++VG7BhrtvQpNbBzovKNc1FLGGEE/oGe7b9xJm/RFHMBeUaUGpluV9RLjZa47YFdPcDAenEYuq9pQPcMdLJg==",
      "bin": {
        "acorn": "bin/acorn"
      },
      "engines": {
        "node": ">=0.4.0"
      }
    },
    "node_modules/astring": {
      "version": "1.7.5",
      "resolved": "https://registry.npmjs.org/astring/-/astring-1.7.5.tgz",
      "integrity": "sha512-lobf6RWXb8c4uZ7Mdq0U12efYmpD1UFnyOWVJPTa3ukqZrMopav+2hdNu0hgBF0JIBFK9QgrBDfwYvh3DFJDAA==",
      "bin": {
        "astring": "bin/astring"
      }
    },
    "node_modules/iroh": {
      "version": "0.3.0",
      "resolved": "https://registry.npmjs.org/iroh/-/iroh-0.3.0.tgz",
      "integrity": "sha512-dKCkw27lFHnDY5PbNWKZ1+vzR/KBvr6c1LhbdigCZpjcSqMJURN16QnQNhAv3ZJ57JvsmPlprKjq/HV5D7Ingw==",
      "dependencies": {
        "acorn": "^5.1.1",
        "astring": "^1.0.5"
      },
      "engines": {
        "node": ">= 6.x"
      }
    }
  },
  "dependencies": {
    "acorn": {
      "version": "5.7.4",
      "resolved": "https://registry.npmjs.org/acorn/-/acorn-5.7.4.tgz",
      "integrity": "sha512-1D++VG7BhrtvQpNbBzovKNc1FLGGEE/oGe7b9xJm/RFHMBeUaUGpluV9RLjZa47YFdPcDAenEYuq9pQPcMdLJg=="
    },
    "astring": {
      "version": "1.7.5",
      "resolved": "https://registry.npmjs.org/astring/-/astring-1.7.5.tgz",
      "integrity": "sha512-lobf6RWXb8c4uZ7Mdq0U12efYmpD1UFnyOWVJPTa3ukqZrMopav+2hdNu0hgBF0JIBFK9QgrBDfwYvh3DFJDAA=="
    },
    "iroh": {
      "version": "0.3.0",
      "resolved": "https://registry.npmjs.org/iroh/-/iroh-0.3.0.tgz",
      "integrity": "sha512-dKCkw27lFHnDY5PbNWKZ1+vzR/KBvr6c1LhbdigCZpjcSqMJURN16QnQNhAv3ZJ57JvsmPlprKjq/HV5D7Ingw==",
      "requires": {
        "acorn": "^5.1.1",
        "astring": "^1.0.5"
      }
    }
  }
}
